// !$*UTF8*$!
{
	archiveVersion = 1;
	classes = {
	};
	objectVersion = 56;
	objects = {

/* Begin PBXBuildFile section */
		D842EC5D2B1CC30E001E0025 /* SearchPlaceholderView.swift in Sources */ = {isa = PBXBuildFile; fileRef = D842EC5C2B1CC30E001E0025 /* SearchPlaceholderView.swift */; };
		D8AD6CFD2B18BF27005E99FE /* AppDelegate.swift in Sources */ = {isa = PBXBuildFile; fileRef = D8AD6CFC2B18BF27005E99FE /* AppDelegate.swift */; };
		D8AD6CFF2B18BF27005E99FE /* SceneDelegate.swift in Sources */ = {isa = PBXBuildFile; fileRef = D8AD6CFE2B18BF27005E99FE /* SceneDelegate.swift */; };
		D8AD6D012B18BF27005E99FE /* SearchTableViewController.swift in Sources */ = {isa = PBXBuildFile; fileRef = D8AD6D002B18BF27005E99FE /* SearchTableViewController.swift */; };
		D8AD6D042B18BF27005E99FE /* Main.storyboard in Resources */ = {isa = PBXBuildFile; fileRef = D8AD6D022B18BF27005E99FE /* Main.storyboard */; };
		D8AD6D062B18BF28005E99FE /* Assets.xcassets in Resources */ = {isa = PBXBuildFile; fileRef = D8AD6D052B18BF28005E99FE /* Assets.xcassets */; };
		D8AD6D092B18BF28005E99FE /* LaunchScreen.storyboard in Resources */ = {isa = PBXBuildFile; fileRef = D8AD6D072B18BF28005E99FE /* LaunchScreen.storyboard */; };
		D8AD6D122B18C06A005E99FE /* MBProgressHUD in Frameworks */ = {isa = PBXBuildFile; productRef = D8AD6D112B18C06A005E99FE /* MBProgressHUD */; };
		D8AD6D152B18C0A5005E99FE /* Loaf in Frameworks */ = {isa = PBXBuildFile; productRef = D8AD6D142B18C0A5005E99FE /* Loaf */; };
		D8AD6D192B18D872005E99FE /* SearchTableViewCell.swift in Sources */ = {isa = PBXBuildFile; fileRef = D8AD6D182B18D872005E99FE /* SearchTableViewCell.swift */; };
		D8C559372B1DECC3005ADB87 /* UIAnimatable.swift in Sources */ = {isa = PBXBuildFile; fileRef = D8C559362B1DECC3005ADB87 /* UIAnimatable.swift */; };
		D8C559392B1E1C47005ADB87 /* TimeSeriesMonthlyAdjusted.swift in Sources */ = {isa = PBXBuildFile; fileRef = D8C559382B1E1C47005ADB87 /* TimeSeriesMonthlyAdjusted.swift */; };
		D8EE3CF42B1A01D100A82015 /* APIService.swift in Sources */ = {isa = PBXBuildFile; fileRef = D8EE3CF32B1A01D100A82015 /* APIService.swift */; };
		D8EE3CF72B1A06B600A82015 /* SearchResults.swift in Sources */ = {isa = PBXBuildFile; fileRef = D8EE3CF62B1A06B600A82015 /* SearchResults.swift */; };
/* End PBXBuildFile section */

/* Begin PBXFileReference section */
		D842EC5C2B1CC30E001E0025 /* SearchPlaceholderView.swift */ = {isa = PBXFileReference; lastKnownFileType = sourcecode.swift; path = SearchPlaceholderView.swift; sourceTree = "<group>"; };
		D8AD6CF92B18BF27005E99FE /* uikit-dca-calculator.app */ = {isa = PBXFileReference; explicitFileType = wrapper.application; includeInIndex = 0; path = "uikit-dca-calculator.app"; sourceTree = BUILT_PRODUCTS_DIR; };
		D8AD6CFC2B18BF27005E99FE /* AppDelegate.swift */ = {isa = PBXFileReference; lastKnownFileType = sourcecode.swift; path = AppDelegate.swift; sourceTree = "<group>"; };
		D8AD6CFE2B18BF27005E99FE /* SceneDelegate.swift */ = {isa = PBXFileReference; lastKnownFileType = sourcecode.swift; path = SceneDelegate.swift; sourceTree = "<group>"; };
		D8AD6D002B18BF27005E99FE /* SearchTableViewController.swift */ = {isa = PBXFileReference; lastKnownFileType = sourcecode.swift; path = SearchTableViewController.swift; sourceTree = "<group>"; };
		D8AD6D032B18BF27005E99FE /* Base */ = {isa = PBXFileReference; lastKnownFileType = file.storyboard; name = Base; path = Base.lproj/Main.storyboard; sourceTree = "<group>"; };
		D8AD6D052B18BF28005E99FE /* Assets.xcassets */ = {isa = PBXFileReference; lastKnownFileType = folder.assetcatalog; path = Assets.xcassets; sourceTree = "<group>"; };
		D8AD6D082B18BF28005E99FE /* Base */ = {isa = PBXFileReference; lastKnownFileType = file.storyboard; name = Base; path = Base.lproj/LaunchScreen.storyboard; sourceTree = "<group>"; };
		D8AD6D0A2B18BF28005E99FE /* Info.plist */ = {isa = PBXFileReference; lastKnownFileType = text.plist.xml; path = Info.plist; sourceTree = "<group>"; };
		D8AD6D182B18D872005E99FE /* SearchTableViewCell.swift */ = {isa = PBXFileReference; lastKnownFileType = sourcecode.swift; path = SearchTableViewCell.swift; sourceTree = "<group>"; };
		D8C559362B1DECC3005ADB87 /* UIAnimatable.swift */ = {isa = PBXFileReference; lastKnownFileType = sourcecode.swift; path = UIAnimatable.swift; sourceTree = "<group>"; };
		D8C559382B1E1C47005ADB87 /* TimeSeriesMonthlyAdjusted.swift */ = {isa = PBXFileReference; lastKnownFileType = sourcecode.swift; path = TimeSeriesMonthlyAdjusted.swift; sourceTree = "<group>"; };
		D8EE3CF32B1A01D100A82015 /* APIService.swift */ = {isa = PBXFileReference; lastKnownFileType = sourcecode.swift; path = APIService.swift; sourceTree = "<group>"; };
		D8EE3CF62B1A06B600A82015 /* SearchResults.swift */ = {isa = PBXFileReference; lastKnownFileType = sourcecode.swift; path = SearchResults.swift; sourceTree = "<group>"; };
/* End PBXFileReference section */

/* Begin PBXFrameworksBuildPhase section */
		D8AD6CF62B18BF27005E99FE /* Frameworks */ = {
			isa = PBXFrameworksBuildPhase;
			buildActionMask = 2147483647;
			files = (
				D8AD6D152B18C0A5005E99FE /* Loaf in Frameworks */,
				D8AD6D122B18C06A005E99FE /* MBProgressHUD in Frameworks */,
			);
			runOnlyForDeploymentPostprocessing = 0;
		};
/* End PBXFrameworksBuildPhase section */

/* Begin PBXGroup section */
		D8AD6CF02B18BF27005E99FE = {
			isa = PBXGroup;
			children = (
				D8AD6CFB2B18BF27005E99FE /* uikit-dca-calculator */,
				D8AD6CFA2B18BF27005E99FE /* Products */,
			);
			sourceTree = "<group>";
		};
		D8AD6CFA2B18BF27005E99FE /* Products */ = {
			isa = PBXGroup;
			children = (
				D8AD6CF92B18BF27005E99FE /* uikit-dca-calculator.app */,
			);
			name = Products;
			sourceTree = "<group>";
		};
		D8AD6CFB2B18BF27005E99FE /* uikit-dca-calculator */ = {
			isa = PBXGroup;
			children = (
				D8C559352B1DECB5005ADB87 /* Protocol */,
				D8EE3CF52B1A06A700A82015 /* Model */,
				D8EE3CF22B1A01B500A82015 /* Service */,
				D8AD6D172B18D83F005E99FE /* Controller */,
				D8AD6D162B18D832005E99FE /* View */,
				D8AD6CFC2B18BF27005E99FE /* AppDelegate.swift */,
				D8AD6CFE2B18BF27005E99FE /* SceneDelegate.swift */,
				D8AD6D022B18BF27005E99FE /* Main.storyboard */,
				D8AD6D052B18BF28005E99FE /* Assets.xcassets */,
				D8AD6D072B18BF28005E99FE /* LaunchScreen.storyboard */,
				D8AD6D0A2B18BF28005E99FE /* Info.plist */,
			);
			path = "uikit-dca-calculator";
			sourceTree = "<group>";
		};
		D8AD6D162B18D832005E99FE /* View */ = {
			isa = PBXGroup;
			children = (
				D8AD6D182B18D872005E99FE /* SearchTableViewCell.swift */,
				D842EC5C2B1CC30E001E0025 /* SearchPlaceholderView.swift */,
			);
			path = View;
			sourceTree = "<group>";
		};
		D8AD6D172B18D83F005E99FE /* Controller */ = {
			isa = PBXGroup;
			children = (
				D8AD6D002B18BF27005E99FE /* SearchTableViewController.swift */,
			);
			path = Controller;
			sourceTree = "<group>";
		};
		D8C559352B1DECB5005ADB87 /* Protocol */ = {
			isa = PBXGroup;
			children = (
				D8C559362B1DECC3005ADB87 /* UIAnimatable.swift */,
			);
			path = Protocol;
			sourceTree = "<group>";
		};
		D8EE3CF22B1A01B500A82015 /* Service */ = {
			isa = PBXGroup;
			children = (
				D8EE3CF32B1A01D100A82015 /* APIService.swift */,
			);
			path = Service;
			sourceTree = "<group>";
		};
		D8EE3CF52B1A06A700A82015 /* Model */ = {
			isa = PBXGroup;
			children = (
				D8EE3CF62B1A06B600A82015 /* SearchResults.swift */,
				D8C559382B1E1C47005ADB87 /* TimeSeriesMonthlyAdjusted.swift */,
			);
			path = Model;
			sourceTree = "<group>";
		};
/* End PBXGroup section */

/* Begin PBXNativeTarget section */
		D8AD6CF82B18BF27005E99FE /* uikit-dca-calculator */ = {
			isa = PBXNativeTarget;
			buildConfigurationList = D8AD6D0D2B18BF28005E99FE /* Build configuration list for PBXNativeTarget "uikit-dca-calculator" */;
			buildPhases = (
				D8AD6CF52B18BF27005E99FE /* Sources */,
				D8AD6CF62B18BF27005E99FE /* Frameworks */,
				D8AD6CF72B18BF27005E99FE /* Resources */,
			);
			buildRules = (
			);
			dependencies = (
			);
			name = "uikit-dca-calculator";
			packageProductDependencies = (
				D8AD6D112B18C06A005E99FE /* MBProgressHUD */,
				D8AD6D142B18C0A5005E99FE /* Loaf */,
			);
			productName = "uikit-dca-calculator";
			productReference = D8AD6CF92B18BF27005E99FE /* uikit-dca-calculator.app */;
			productType = "com.apple.product-type.application";
		};
/* End PBXNativeTarget section */

/* Begin PBXProject section */
		D8AD6CF12B18BF27005E99FE /* Project object */ = {
			isa = PBXProject;
			attributes = {
				BuildIndependentTargetsInParallel = 1;
				LastSwiftUpdateCheck = 1410;
				LastUpgradeCheck = 1410;
				TargetAttributes = {
					D8AD6CF82B18BF27005E99FE = {
						CreatedOnToolsVersion = 14.1;
					};
				};
			};
			buildConfigurationList = D8AD6CF42B18BF27005E99FE /* Build configuration list for PBXProject "uikit-dca-calculator" */;
			compatibilityVersion = "Xcode 14.0";
			developmentRegion = en;
			hasScannedForEncodings = 0;
			knownRegions = (
				en,
				Base,
			);
			mainGroup = D8AD6CF02B18BF27005E99FE;
			packageReferences = (
				D8AD6D102B18C06A005E99FE /* XCRemoteSwiftPackageReference "MBProgressHUD" */,
				D8AD6D132B18C0A5005E99FE /* XCRemoteSwiftPackageReference "Loaf" */,
			);
			productRefGroup = D8AD6CFA2B18BF27005E99FE /* Products */;
			projectDirPath = "";
			projectRoot = "";
			targets = (
				D8AD6CF82B18BF27005E99FE /* uikit-dca-calculator */,
			);
		};
/* End PBXProject section */

/* Begin PBXResourcesBuildPhase section */
		D8AD6CF72B18BF27005E99FE /* Resources */ = {
			isa = PBXResourcesBuildPhase;
			buildActionMask = 2147483647;
			files = (
				D8AD6D092B18BF28005E99FE /* LaunchScreen.storyboard in Resources */,
				D8AD6D062B18BF28005E99FE /* Assets.xcassets in Resources */,
				D8AD6D042B18BF27005E99FE /* Main.storyboard in Resources */,
			);
			runOnlyForDeploymentPostprocessing = 0;
		};
/* End PBXResourcesBuildPhase section */

/* Begin PBXSourcesBuildPhase section */
		D8AD6CF52B18BF27005E99FE /* Sources */ = {
			isa = PBXSourcesBuildPhase;
			buildActionMask = 2147483647;
			files = (
				D8AD6D012B18BF27005E99FE /* SearchTableViewController.swift in Sources */,
				D8C559372B1DECC3005ADB87 /* UIAnimatable.swift in Sources */,
				D8EE3CF42B1A01D100A82015 /* APIService.swift in Sources */,
				D8AD6D192B18D872005E99FE /* SearchTableViewCell.swift in Sources */,
				D8AD6CFD2B18BF27005E99FE /* AppDelegate.swift in Sources */,
				D8C559392B1E1C47005ADB87 /* TimeSeriesMonthlyAdjusted.swift in Sources */,
				D8EE3CF72B1A06B600A82015 /* SearchResults.swift in Sources */,
				D8AD6CFF2B18BF27005E99FE /* SceneDelegate.swift in Sources */,
				D842EC5D2B1CC30E001E0025 /* SearchPlaceholderView.swift in Sources */,
			);
			runOnlyForDeploymentPostprocessing = 0;
		};
/* End PBXSourcesBuildPhase section */

/* Begin PBXVariantGroup section */
		D8AD6D022B18BF27005E99FE /* Main.storyboard */ = {
			isa = PBXVariantGroup;
			children = (
				D8AD6D032B18BF27005E99FE /* Base */,
			);
			name = Main.storyboard;
			sourceTree = "<group>";
		};
		D8AD6D072B18BF28005E99FE /* LaunchScreen.storyboard */ = {
			isa = PBXVariantGroup;
			children = (
				D8AD6D082B18BF28005E99FE /* Base */,
			);
			name = LaunchScreen.storyboard;
			sourceTree = "<group>";
		};
/* End PBXVariantGroup section */

/* Begin XCBuildConfiguration section */
		D8AD6D0B2B18BF28005E99FE /* Debug */ = {
			isa = XCBuildConfiguration;
			buildSettings = {
				ALWAYS_SEARCH_USER_PATHS = NO;
				CLANG_ANALYZER_NONNULL = YES;
				CLANG_ANALYZER_NUMBER_OBJECT_CONVERSION = YES_AGGRESSIVE;
				CLANG_CXX_LANGUAGE_STANDARD = "gnu++20";
				CLANG_ENABLE_MODULES = YES;
				CLANG_ENABLE_OBJC_ARC = YES;
				CLANG_ENABLE_OBJC_WEAK = YES;
				CLANG_WARN_BLOCK_CAPTURE_AUTORELEASING = YES;
				CLANG_WARN_BOOL_CONVERSION = YES;
				CLANG_WARN_COMMA = YES;
				CLANG_WARN_CONSTANT_CONVERSION = YES;
				CLANG_WARN_DEPRECATED_OBJC_IMPLEMENTATIONS = YES;
				CLANG_WARN_DIRECT_OBJC_ISA_USAGE = YES_ERROR;
				CLANG_WARN_DOCUMENTATION_COMMENTS = YES;
				CLANG_WARN_EMPTY_BODY = YES;
				CLANG_WARN_ENUM_CONVERSION = YES;
				CLANG_WARN_INFINITE_RECURSION = YES;
				CLANG_WARN_INT_CONVERSION = YES;
				CLANG_WARN_NON_LITERAL_NULL_CONVERSION = YES;
				CLANG_WARN_OBJC_IMPLICIT_RETAIN_SELF = YES;
				CLANG_WARN_OBJC_LITERAL_CONVERSION = YES;
				CLANG_WARN_OBJC_ROOT_CLASS = YES_ERROR;
				CLANG_WARN_QUOTED_INCLUDE_IN_FRAMEWORK_HEADER = YES;
				CLANG_WARN_RANGE_LOOP_ANALYSIS = YES;
				CLANG_WARN_STRICT_PROTOTYPES = YES;
				CLANG_WARN_SUSPICIOUS_MOVE = YES;
				CLANG_WARN_UNGUARDED_AVAILABILITY = YES_AGGRESSIVE;
				CLANG_WARN_UNREACHABLE_CODE = YES;
				CLANG_WARN__DUPLICATE_METHOD_MATCH = YES;
				COPY_PHASE_STRIP = NO;
				DEBUG_INFORMATION_FORMAT = dwarf;
				ENABLE_STRICT_OBJC_MSGSEND = YES;
				ENABLE_TESTABILITY = YES;
				GCC_C_LANGUAGE_STANDARD = gnu11;
				GCC_DYNAMIC_NO_PIC = NO;
				GCC_NO_COMMON_BLOCKS = YES;
				GCC_OPTIMIZATION_LEVEL = 0;
				GCC_PREPROCESSOR_DEFINITIONS = (
					"DEBUG=1",
					"$(inherited)",
				);
				GCC_WARN_64_TO_32_BIT_CONVERSION = YES;
				GCC_WARN_ABOUT_RETURN_TYPE = YES_ERROR;
				GCC_WARN_UNDECLARED_SELECTOR = YES;
				GCC_WARN_UNINITIALIZED_AUTOS = YES_AGGRESSIVE;
				GCC_WARN_UNUSED_FUNCTION = YES;
				GCC_WARN_UNUSED_VARIABLE = YES;
				IPHONEOS_DEPLOYMENT_TARGET = 16.1;
				MTL_ENABLE_DEBUG_INFO = INCLUDE_SOURCE;
				MTL_FAST_MATH = YES;
				ONLY_ACTIVE_ARCH = YES;
				SDKROOT = iphoneos;
				SWIFT_ACTIVE_COMPILATION_CONDITIONS = DEBUG;
				SWIFT_OPTIMIZATION_LEVEL = "-Onone";
			};
			name = Debug;
		};
		D8AD6D0C2B18BF28005E99FE /* Release */ = {
			isa = XCBuildConfiguration;
			buildSettings = {
				ALWAYS_SEARCH_USER_PATHS = NO;
				CLANG_ANALYZER_NONNULL = YES;
				CLANG_ANALYZER_NUMBER_OBJECT_CONVERSION = YES_AGGRESSIVE;
				CLANG_CXX_LANGUAGE_STANDARD = "gnu++20";
				CLANG_ENABLE_MODULES = YES;
				CLANG_ENABLE_OBJC_ARC = YES;
				CLANG_ENABLE_OBJC_WEAK = YES;
				CLANG_WARN_BLOCK_CAPTURE_AUTORELEASING = YES;
				CLANG_WARN_BOOL_CONVERSION = YES;
				CLANG_WARN_COMMA = YES;
				CLANG_WARN_CONSTANT_CONVERSION = YES;
				CLANG_WARN_DEPRECATED_OBJC_IMPLEMENTATIONS = YES;
				CLANG_WARN_DIRECT_OBJC_ISA_USAGE = YES_ERROR;
				CLANG_WARN_DOCUMENTATION_COMMENTS = YES;
				CLANG_WARN_EMPTY_BODY = YES;
				CLANG_WARN_ENUM_CONVERSION = YES;
				CLANG_WARN_INFINITE_RECURSION = YES;
				CLANG_WARN_INT_CONVERSION = YES;
				CLANG_WARN_NON_LITERAL_NULL_CONVERSION = YES;
				CLANG_WARN_OBJC_IMPLICIT_RETAIN_SELF = YES;
				CLANG_WARN_OBJC_LITERAL_CONVERSION = YES;
				CLANG_WARN_OBJC_ROOT_CLASS = YES_ERROR;
				CLANG_WARN_QUOTED_INCLUDE_IN_FRAMEWORK_HEADER = YES;
				CLANG_WARN_RANGE_LOOP_ANALYSIS = YES;
				CLANG_WARN_STRICT_PROTOTYPES = YES;
				CLANG_WARN_SUSPICIOUS_MOVE = YES;
				CLANG_WARN_UNGUARDED_AVAILABILITY = YES_AGGRESSIVE;
				CLANG_WARN_UNREACHABLE_CODE = YES;
				CLANG_WARN__DUPLICATE_METHOD_MATCH = YES;
				COPY_PHASE_STRIP = NO;
				DEBUG_INFORMATION_FORMAT = "dwarf-with-dsym";
				ENABLE_NS_ASSERTIONS = NO;
				ENABLE_STRICT_OBJC_MSGSEND = YES;
				GCC_C_LANGUAGE_STANDARD = gnu11;
				GCC_NO_COMMON_BLOCKS = YES;
				GCC_WARN_64_TO_32_BIT_CONVERSION = YES;
				GCC_WARN_ABOUT_RETURN_TYPE = YES_ERROR;
				GCC_WARN_UNDECLARED_SELECTOR = YES;
				GCC_WARN_UNINITIALIZED_AUTOS = YES_AGGRESSIVE;
				GCC_WARN_UNUSED_FUNCTION = YES;
				GCC_WARN_UNUSED_VARIABLE = YES;
				IPHONEOS_DEPLOYMENT_TARGET = 16.1;
				MTL_ENABLE_DEBUG_INFO = NO;
				MTL_FAST_MATH = YES;
				SDKROOT = iphoneos;
				SWIFT_COMPILATION_MODE = wholemodule;
				SWIFT_OPTIMIZATION_LEVEL = "-O";
				VALIDATE_PRODUCT = YES;
			};
			name = Release;
		};
		D8AD6D0E2B18BF28005E99FE /* Debug */ = {
			isa = XCBuildConfiguration;
			buildSettings = {
				ASSETCATALOG_COMPILER_APPICON_NAME = AppIcon;
				ASSETCATALOG_COMPILER_GLOBAL_ACCENT_COLOR_NAME = AccentColor;
				CODE_SIGN_STYLE = Automatic;
				CURRENT_PROJECT_VERSION = 1;
				GENERATE_INFOPLIST_FILE = YES;
				INFOPLIST_FILE = "uikit-dca-calculator/Info.plist";
				INFOPLIST_KEY_UIApplicationSupportsIndirectInputEvents = YES;
				INFOPLIST_KEY_UILaunchStoryboardName = LaunchScreen;
				INFOPLIST_KEY_UIMainStoryboardFile = Main;
				INFOPLIST_KEY_UISupportedInterfaceOrientations_iPad = "UIInterfaceOrientationPortrait UIInterfaceOrientationPortraitUpsideDown UIInterfaceOrientationLandscapeLeft UIInterfaceOrientationLandscapeRight";
				INFOPLIST_KEY_UISupportedInterfaceOrientations_iPhone = "UIInterfaceOrientationPortrait UIInterfaceOrientationLandscapeLeft UIInterfaceOrientationLandscapeRight";
				LD_RUNPATH_SEARCH_PATHS = (
					"$(inherited)",
					"@executable_path/Frameworks",
				);
				MARKETING_VERSION = 1.0;
				PRODUCT_BUNDLE_IDENTIFIER = "com.joe3524.uikit-dca-calculator";
				PRODUCT_NAME = "$(TARGET_NAME)";
				SWIFT_EMIT_LOC_STRINGS = YES;
				SWIFT_VERSION = 5.0;
				TARGETED_DEVICE_FAMILY = "1,2";
			};
			name = Debug;
		};
		D8AD6D0F2B18BF28005E99FE /* Release */ = {
			isa = XCBuildConfiguration;
			buildSettings = {
				ASSETCATALOG_COMPILER_APPICON_NAME = AppIcon;
				ASSETCATALOG_COMPILER_GLOBAL_ACCENT_COLOR_NAME = AccentColor;
				CODE_SIGN_STYLE = Automatic;
				CURRENT_PROJECT_VERSION = 1;
				GENERATE_INFOPLIST_FILE = YES;
				INFOPLIST_FILE = "uikit-dca-calculator/Info.plist";
				INFOPLIST_KEY_UIApplicationSupportsIndirectInputEvents = YES;
				INFOPLIST_KEY_UILaunchStoryboardName = LaunchScreen;
				INFOPLIST_KEY_UIMainStoryboardFile = Main;
				INFOPLIST_KEY_UISupportedInterfaceOrientations_iPad = "UIInterfaceOrientationPortrait UIInterfaceOrientationPortraitUpsideDown UIInterfaceOrientationLandscapeLeft UIInterfaceOrientationLandscapeRight";
				INFOPLIST_KEY_UISupportedInterfaceOrientations_iPhone = "UIInterfaceOrientationPortrait UIInterfaceOrientationLandscapeLeft UIInterfaceOrientationLandscapeRight";
				LD_RUNPATH_SEARCH_PATHS = (
					"$(inherited)",
					"@executable_path/Frameworks",
				);
				MARKETING_VERSION = 1.0;
				PRODUCT_BUNDLE_IDENTIFIER = "com.joe3524.uikit-dca-calculator";
				PRODUCT_NAME = "$(TARGET_NAME)";
				SWIFT_EMIT_LOC_STRINGS = YES;
				SWIFT_VERSION = 5.0;
				TARGETED_DEVICE_FAMILY = "1,2";
			};
			name = Release;
		};
/* End XCBuildConfiguration section */

/* Begin XCConfigurationList section */
		D8AD6CF42B18BF27005E99FE /* Build configuration list for PBXProject "uikit-dca-calculator" */ = {
			isa = XCConfigurationList;
			buildConfigurations = (
				D8AD6D0B2B18BF28005E99FE /* Debug */,
				D8AD6D0C2B18BF28005E99FE /* Release */,
			);
			defaultConfigurationIsVisible = 0;
			defaultConfigurationName = Release;
		};
		D8AD6D0D2B18BF28005E99FE /* Build configuration list for PBXNativeTarget "uikit-dca-calculator" */ = {
			isa = XCConfigurationList;
			buildConfigurations = (
				D8AD6D0E2B18BF28005E99FE /* Debug */,
				D8AD6D0F2B18BF28005E99FE /* Release */,
			);
			defaultConfigurationIsVisible = 0;
			defaultConfigurationName = Release;
		};
/* End XCConfigurationList section */

/* Begin XCRemoteSwiftPackageReference section */
		D8AD6D102B18C06A005E99FE /* XCRemoteSwiftPackageReference "MBProgressHUD" */ = {
			isa = XCRemoteSwiftPackageReference;
			repositoryURL = "https://github.com/jdg/MBProgressHUD";
			requirement = {
				kind = upToNextMajorVersion;
				minimumVersion = 1.0.0;
			};
		};
		D8AD6D132B18C0A5005E99FE /* XCRemoteSwiftPackageReference "Loaf" */ = {
			isa = XCRemoteSwiftPackageReference;
			repositoryURL = "https://github.com/schmidyy/Loaf";
			requirement = {
				kind = upToNextMajorVersion;
				minimumVersion = 0.7.0;
			};
		};
/* End XCRemoteSwiftPackageReference section */

/* Begin XCSwiftPackageProductDependency section */
		D8AD6D112B18C06A005E99FE /* MBProgressHUD */ = {
			isa = XCSwiftPackageProductDependency;
			package = D8AD6D102B18C06A005E99FE /* XCRemoteSwiftPackageReference "MBProgressHUD" */;
			productName = MBProgressHUD;
		};
		D8AD6D142B18C0A5005E99FE /* Loaf */ = {
			isa = XCSwiftPackageProductDependency;
			package = D8AD6D132B18C0A5005E99FE /* XCRemoteSwiftPackageReference "Loaf" */;
			productName = Loaf;
		};
/* End XCSwiftPackageProductDependency section */
	};
	rootObject = D8AD6CF12B18BF27005E99FE /* Project object */;
}
